
Microsoft Visual Studio Solution File, Format Version 12.00
# Visual Studio Version 17
VisualStudioVersion = 17.8.34511.84
MinimumVisualStudioVersion = 10.0.40219.1
Project("{9A19103F-16F7-4668-BE54-9A1E7A4F7556}") = "Test_Tourkit", "Test_Tourkit\Test_Tourkit.csproj", "{DE9F9C5D-32AC-4A90-92F2-66AA3C4D9975}"
EndProject
Project("{FAE04EC0-301F-11D3-BF4B-00C04F79EFBC}") = "Test_Tourkit_FontEnd", "Test_Tourkit_FontEnd\Test_Tourkit_FontEnd.csproj", "{59207216-8444-476C-9E5B-0B394FBFDFFF}"
EndProject
Global
	GlobalSection(SolutionConfigurationPlatforms) = preSolution
		Debug|Any CPU = Debug|Any CPU
		Release|Any CPU = Release|Any CPU
	EndGlobalSection
	GlobalSection(ProjectConfigurationPlatforms) = postSolution
		{DE9F9C5D-32AC-4A90-92F2-66AA3C4D9975}.Debug|Any CPU.ActiveCfg = Debug|Any CPU
		{DE9F9C5D-32AC-4A90-92F2-66AA3C4D9975}.Debug|Any CPU.Build.0 = Debug|Any CPU
		{DE9F9C5D-32AC-4A90-92F2-66AA3C4D9975}.Release|Any CPU.ActiveCfg = Release|Any CPU
		{DE9F9C5D-32AC-4A90-92F2-66AA3C4D9975}.Release|Any CPU.Build.0 = Release|Any CPU
		{59207216-8444-476C-9E5B-0B394FBFDFFF}.Debug|Any CPU.ActiveCfg = Debug|Any CPU
		{59207216-8444-476C-9E5B-0B394FBFDFFF}.Debug|Any CPU.Build.0 = Debug|Any CPU
		{59207216-8444-476C-9E5B-0B394FBFDFFF}.Release|Any CPU.ActiveCfg = Release|Any CPU
		{59207216-8444-476C-9E5B-0B394FBFDFFF}.Release|Any CPU.Build.0 = Release|Any CPU
	EndGlobalSection
	GlobalSection(SolutionProperties) = preSolution
		HideSolutionNode = FALSE
	EndGlobalSection
	GlobalSection(ExtensibilityGlobals) = postSolution
		SolutionGuid = {442E9310-6ADE-42D7-A311-DA35DE0150C0}
	EndGlobalSection
EndGlobal
